
Microsoft Visual Studio Solution File, Format Version 12.00
# Visual Studio Version 16
VisualStudioVersion = 16.0.32228.343
MinimumVisualStudioVersion = 10.0.40219.1
Project("{FAE04EC0-301F-11D3-BF4B-00C04F79EFBC}") = "TainghesStore", "TainghesStore.csproj", "{3DEA5EA0-A5D9-4536-88DA-E420B6718239}"
EndProject
Global
	GlobalSection(SolutionConfigurationPlatforms) = preSolution
		Debug|Any CPU = Debug|Any CPU
		Release|Any CPU = Release|Any CPU
	EndGlobalSection
	GlobalSection(ProjectConfigurationPlatforms) = postSolution
		{3DEA5EA0-A5D9-4536-88DA-E420B6718239}.Debug|Any CPU.ActiveCfg = Debug|Any CPU
		{3DEA5EA0-A5D9-4536-88DA-E420B6718239}.Debug|Any CPU.Build.0 = Debug|Any CPU
		{3DEA5EA0-A5D9-4536-88DA-E420B6718239}.Release|Any CPU.ActiveCfg = Release|Any CPU
		{3DEA5EA0-A5D9-4536-88DA-E420B6718239}.Release|Any CPU.Build.0 = Release|Any CPU
	EndGlobalSection
	GlobalSection(SolutionProperties) = preSolution
		HideSolutionNode = FALSE
	EndGlobalSection
	GlobalSection(ExtensibilityGlobals) = postSolution
		SolutionGuid = {C9F847DB-F877-4070-B86A-B7BC50A46154}
	EndGlobalSection
EndGlobal
